// !$*UTF8*$!
{
	archiveVersion = 1;
	classes = {
	};
	objectVersion = 46;
	objects = {

/* Begin PBXBuildFile section */
		50DA18BB1B696BE300772D32 /* ViewControllerExtensions.swift in Sources */ = {isa = PBXBuildFile; fileRef = 50DA18BA1B696BE300772D32 /* ViewControllerExtensions.swift */; };
		50EB55811B696B07005D82B1 /* AppDelegate.swift in Sources */ = {isa = PBXBuildFile; fileRef = 50EB55801B696B07005D82B1 /* AppDelegate.swift */; };
		50EB55831B696B07005D82B1 /* ViewController.swift in Sources */ = {isa = PBXBuildFile; fileRef = 50EB55821B696B07005D82B1 /* ViewController.swift */; };
		50EB55861B696B08005D82B1 /* Main.storyboard in Resources */ = {isa = PBXBuildFile; fileRef = 50EB55841B696B08005D82B1 /* Main.storyboard */; };
		50EB55881B696B08005D82B1 /* Images.xcassets in Resources */ = {isa = PBXBuildFile; fileRef = 50EB55871B696B08005D82B1 /* Images.xcassets */; };
		50EB558B1B696B08005D82B1 /* LaunchScreen.xib in Resources */ = {isa = PBXBuildFile; fileRef = 50EB55891B696B08005D82B1 /* LaunchScreen.xib */; };
		50EB55971B696B09005D82B1 /* SearchTableDemoTests.swift in Sources */ = {isa = PBXBuildFile; fileRef = 50EB55961B696B09005D82B1 /* SearchTableDemoTests.swift */; };
/* End PBXBuildFile section */

/* Begin PBXContainerItemProxy section */
		50EB55911B696B08005D82B1 /* PBXContainerItemProxy */ = {
			isa = PBXContainerItemProxy;
			containerPortal = 50EB55731B696B07005D82B1 /* Project object */;
			proxyType = 1;
			remoteGlobalIDString = 50EB557A1B696B07005D82B1;
			remoteInfo = SearchTableDemo;
		};
/* End PBXContainerItemProxy section */

/* Begin PBXFileReference section */
		50DA18BA1B696BE300772D32 /* ViewControllerExtensions.swift */ = {isa = PBXFileReference; fileEncoding = 4; lastKnownFileType = sourcecode.swift; path = ViewControllerExtensions.swift; sourceTree = "<group>"; };
		50EB557B1B696B07005D82B1 /* SearchTableDemo.app */ = {isa = PBXFileReference; explicitFileType = wrapper.application; includeInIndex = 0; path = SearchTableDemo.app; sourceTree = BUILT_PRODUCTS_DIR; };
		50EB557F1B696B07005D82B1 /* Info.plist */ = {isa = PBXFileReference; lastKnownFileType = text.plist.xml; path = Info.plist; sourceTree = "<group>"; };
		50EB55801B696B07005D82B1 /* AppDelegate.swift */ = {isa = PBXFileReference; lastKnownFileType = sourcecode.swift; path = AppDelegate.swift; sourceTree = "<group>"; };
		50EB55821B696B07005D82B1 /* ViewController.swift */ = {isa = PBXFileReference; lastKnownFileType = sourcecode.swift; path = ViewController.swift; sourceTree = "<group>"; };
		50EB55851B696B08005D82B1 /* Base */ = {isa = PBXFileReference; lastKnownFileType = file.storyboard; name = Base; path = Base.lproj/Main.storyboard; sourceTree = "<group>"; };
		50EB55871B696B08005D82B1 /* Images.xcassets */ = {isa = PBXFileReference; lastKnownFileType = folder.assetcatalog; path = Images.xcassets; sourceTree = "<group>"; };
		50EB558A1B696B08005D82B1 /* Base */ = {isa = PBXFileReference; lastKnownFileType = file.xib; name = Base; path = Base.lproj/LaunchScreen.xib; sourceTree = "<group>"; };
		50EB55901B696B08005D82B1 /* SearchTableDemoTests.xctest */ = {isa = PBXFileReference; explicitFileType = wrapper.cfbundle; includeInIndex = 0; path = SearchTableDemoTests.xctest; sourceTree = BUILT_PRODUCTS_DIR; };
		50EB55951B696B09005D82B1 /* Info.plist */ = {isa = PBXFileReference; lastKnownFileType = text.plist.xml; path = Info.plist; sourceTree = "<group>"; };
		50EB55961B696B09005D82B1 /* SearchTableDemoTests.swift */ = {isa = PBXFileReference; lastKnownFileType = sourcecode.swift; path = SearchTableDemoTests.swift; sourceTree = "<group>"; };
/* End PBXFileReference section */

/* Begin PBXFrameworksBuildPhase section */
		50EB55781B696B07005D82B1 /* Frameworks */ = {
			isa = PBXFrameworksBuildPhase;
			buildActionMask = 2147483647;
			files = (
			);
			runOnlyForDeploymentPostprocessing = 0;
		};
		50EB558D1B696B08005D82B1 /* Frameworks */ = {
			isa = PBXFrameworksBuildPhase;
			buildActionMask = 2147483647;
			files = (
			);
			runOnlyForDeploymentPostprocessing = 0;
		};
/* End PBXFrameworksBuildPhase section */

/* Begin PBXGroup section */
		50EB55721B696B06005D82B1 = {
			isa = PBXGroup;
			children = (
				50EB557D1B696B07005D82B1 /* SearchTableDemo */,
				50EB55931B696B08005D82B1 /* SearchTableDemoTests */,
				50EB557C1B696B07005D82B1 /* Products */,
			);
			sourceTree = "<group>";
		};
		50EB557C1B696B07005D82B1 /* Products */ = {
			isa = PBXGroup;
			children = (
				50EB557B1B696B07005D82B1 /* SearchTableDemo.app */,
				50EB55901B696B08005D82B1 /* SearchTableDemoTests.xctest */,
			);
			name = Products;
			sourceTree = "<group>";
		};
		50EB557D1B696B07005D82B1 /* SearchTableDemo */ = {
			isa = PBXGroup;
			children = (
				50EB55801B696B07005D82B1 /* AppDelegate.swift */,
				50EB55821B696B07005D82B1 /* ViewController.swift */,
				50DA18BA1B696BE300772D32 /* ViewControllerExtensions.swift */,
				50EB55841B696B08005D82B1 /* Main.storyboard */,
				50EB55871B696B08005D82B1 /* Images.xcassets */,
				50EB55891B696B08005D82B1 /* LaunchScreen.xib */,
				50EB557E1B696B07005D82B1 /* Supporting Files */,
			);
			path = SearchTableDemo;
			sourceTree = "<group>";
		};
		50EB557E1B696B07005D82B1 /* Supporting Files */ = {
			isa = PBXGroup;
			children = (
				50EB557F1B696B07005D82B1 /* Info.plist */,
			);
			name = "Supporting Files";
			sourceTree = "<group>";
		};
		50EB55931B696B08005D82B1 /* SearchTableDemoTests */ = {
			isa = PBXGroup;
			children = (
				50EB55961B696B09005D82B1 /* SearchTableDemoTests.swift */,
				50EB55941B696B09005D82B1 /* Supporting Files */,
			);
			path = SearchTableDemoTests;
			sourceTree = "<group>";
		};
		50EB55941B696B09005D82B1 /* Supporting Files */ = {
			isa = PBXGroup;
			children = (
				50EB55951B696B09005D82B1 /* Info.plist */,
			);
			name = "Supporting Files";
			sourceTree = "<group>";
		};
/* End PBXGroup section */

/* Begin PBXNativeTarget section */
		50EB557A1B696B07005D82B1 /* SearchTableDemo */ = {
			isa = PBXNativeTarget;
			buildConfigurationList = 50EB559A1B696B09005D82B1 /* Build configuration list for PBXNativeTarget "SearchTableDemo" */;
			buildPhases = (
				50EB55771B696B07005D82B1 /* Sources */,
				50EB55781B696B07005D82B1 /* Frameworks */,
				50EB55791B696B07005D82B1 /* Resources */,
			);
			buildRules = (
			);
			dependencies = (
			);
			name = SearchTableDemo;
			productName = SearchTableDemo;
			productReference = 50EB557B1B696B07005D82B1 /* SearchTableDemo.app */;
			productType = "com.apple.product-type.application";
		};
		50EB558F1B696B08005D82B1 /* SearchTableDemoTests */ = {
			isa = PBXNativeTarget;
			buildConfigurationList = 50EB559D1B696B09005D82B1 /* Build configuration list for PBXNativeTarget "SearchTableDemoTests" */;
			buildPhases = (
				50EB558C1B696B08005D82B1 /* Sources */,
				50EB558D1B696B08005D82B1 /* Frameworks */,
				50EB558E1B696B08005D82B1 /* Resources */,
			);
			buildRules = (
			);
			dependencies = (
				50EB55921B696B08005D82B1 /* PBXTargetDependency */,
			);
			name = SearchTableDemoTests;
			productName = SearchTableDemoTests;
			productReference = 50EB55901B696B08005D82B1 /* SearchTableDemoTests.xctest */;
			productType = "com.apple.product-type.bundle.unit-test";
		};
/* End PBXNativeTarget section */

/* Begin PBXProject section */
		50EB55731B696B07005D82B1 /* Project object */ = {
			isa = PBXProject;
			attributes = {
				LastUpgradeCheck = 0630;
				ORGANIZATIONNAME = qingjiezhao;
				TargetAttributes = {
					50EB557A1B696B07005D82B1 = {
						CreatedOnToolsVersion = 6.3.1;
					};
					50EB558F1B696B08005D82B1 = {
						CreatedOnToolsVersion = 6.3.1;
						TestTargetID = 50EB557A1B696B07005D82B1;
					};
				};
			};
			buildConfigurationList = 50EB55761B696B07005D82B1 /* Build configuration list for PBXProject "SearchTableDemo" */;
			compatibilityVersion = "Xcode 3.2";
			developmentRegion = English;
			hasScannedForEncodings = 0;
			knownRegions = (
				en,
				Base,
			);
			mainGroup = 50EB55721B696B06005D82B1;
			productRefGroup = 50EB557C1B696B07005D82B1 /* Products */;
			projectDirPath = "";
			projectRoot = "";
			targets = (
				50EB557A1B696B07005D82B1 /* SearchTableDemo */,
				50EB558F1B696B08005D82B1 /* SearchTableDemoTests */,
			);
		};
/* End PBXProject section */

/* Begin PBXResourcesBuildPhase section */
		50EB55791B696B07005D82B1 /* Resources */ = {
			isa = PBXResourcesBuildPhase;
			buildActionMask = 2147483647;
			files = (
				50EB55861B696B08005D82B1 /* Main.storyboard in Resources */,
				50EB558B1B696B08005D82B1 /* LaunchScreen.xib in Resources */,
				50EB55881B696B08005D82B1 /* Images.xcassets in Resources */,
			);
			runOnlyForDeploymentPostprocessing = 0;
		};
		50EB558E1B696B08005D82B1 /* Resources */ = {
			isa = PBXResourcesBuildPhase;
			buildActionMask = 2147483647;
			files = (
			);
			runOnlyForDeploymentPostprocessing = 0;
		};
/* End PBXResourcesBuildPhase section */

/* Begin PBXSourcesBuildPhase section */
		50EB55771B696B07005D82B1 /* Sources */ = {
			isa = PBXSourcesBuildPhase;
			buildActionMask = 2147483647;
			files = (
				50EB55831B696B07005D82B1 /* ViewController.swift in Sources */,
				50DA18BB1B696BE300772D32 /* ViewControllerExtensions.swift in Sources */,
				50EB55811B696B07005D82B1 /* AppDelegate.swift in Sources */,
			);
			runOnlyForDeploymentPostprocessing = 0;
		};
		50EB558C1B696B08005D82B1 /* Sources */ = {
			isa = PBXSourcesBuildPhase;
			buildActionMask = 2147483647;
			files = (
				50EB55971B696B09005D82B1 /* SearchTableDemoTests.swift in Sources */,
			);
			runOnlyForDeploymentPostprocessing = 0;
		};
/* End PBXSourcesBuildPhase section */

/* Begin PBXTargetDependency section */
		50EB55921B696B08005D82B1 /* PBXTargetDependency */ = {
			isa = PBXTargetDependency;
			target = 50EB557A1B696B07005D82B1 /* SearchTableDemo */;
			targetProxy = 50EB55911B696B08005D82B1 /* PBXContainerItemProxy */;
		};
/* End PBXTargetDependency section */

/* Begin PBXVariantGroup section */
		50EB55841B696B08005D82B1 /* Main.storyboard */ = {
			isa = PBXVariantGroup;
			children = (
				50EB55851B696B08005D82B1 /* Base */,
			);
			name = Main.storyboard;
			sourceTree = "<group>";
		};
		50EB55891B696B08005D82B1 /* LaunchScreen.xib */ = {
			isa = PBXVariantGroup;
			children = (
				50EB558A1B696B08005D82B1 /* Base */,
			);
			name = LaunchScreen.xib;
			sourceTree = "<group>";
		};
/* End PBXVariantGroup section */

/* Begin XCBuildConfiguration section */
		50EB55981B696B09005D82B1 /* Debug */ = {
			isa = XCBuildConfiguration;
			buildSettings = {
				ALWAYS_SEARCH_USER_PATHS = NO;
				CLANG_CXX_LANGUAGE_STANDARD = "gnu++0x";
				CLANG_CXX_LIBRARY = "libc++";
				CLANG_ENABLE_MODULES = YES;
				CLANG_ENABLE_OBJC_ARC = YES;
				CLANG_WARN_BOOL_CONVERSION = YES;
				CLANG_WARN_CONSTANT_CONVERSION = YES;
				CLANG_WARN_DIRECT_OBJC_ISA_USAGE = YES_ERROR;
				CLANG_WARN_EMPTY_BODY = YES;
				CLANG_WARN_ENUM_CONVERSION = YES;
				CLANG_WARN_INT_CONVERSION = YES;
				CLANG_WARN_OBJC_ROOT_CLASS = YES_ERROR;
				CLANG_WARN_UNREACHABLE_CODE = YES;
				CLANG_WARN__DUPLICATE_METHOD_MATCH = YES;
				"CODE_SIGN_IDENTITY[sdk=iphoneos*]" = "iPhone Developer";
				COPY_PHASE_STRIP = NO;
				DEBUG_INFORMATION_FORMAT = "dwarf-with-dsym";
				ENABLE_STRICT_OBJC_MSGSEND = YES;
				GCC_C_LANGUAGE_STANDARD = gnu99;
				GCC_DYNAMIC_NO_PIC = NO;
				GCC_NO_COMMON_BLOCKS = YES;
				GCC_OPTIMIZATION_LEVEL = 0;
				GCC_PREPROCESSOR_DEFINITIONS = (
					"DEBUG=1",
					"$(inherited)",
				);
				GCC_SYMBOLS_PRIVATE_EXTERN = NO;
				GCC_WARN_64_TO_32_BIT_CONVERSION = YES;
				GCC_WARN_ABOUT_RETURN_TYPE = YES_ERROR;
				GCC_WARN_UNDECLARED_SELECTOR = YES;
				GCC_WARN_UNINITIALIZED_AUTOS = YES_AGGRESSIVE;
				GCC_WARN_UNUSED_FUNCTION = YES;
				GCC_WARN_UNUSED_VARIABLE = YES;
				IPHONEOS_DEPLOYMENT_TARGET = 8.3;
				MTL_ENABLE_DEBUG_INFO = YES;
				ONLY_ACTIVE_ARCH = YES;
				SDKROOT = iphoneos;
				SWIFT_OPTIMIZATION_LEVEL = "-Onone";
			};
			name = Debug;
		};
		50EB55991B696B09005D82B1 /* Release */ = {
			isa = XCBuildConfiguration;
			buildSettings = {
				ALWAYS_SEARCH_USER_PATHS = NO;
				CLANG_CXX_LANGUAGE_STANDARD = "gnu++0x";
				CLANG_CXX_LIBRARY = "libc++";
				CLANG_ENABLE_MODULES = YES;
				CLANG_ENABLE_OBJC_ARC = YES;
				CLANG_WARN_BOOL_CONVERSION = YES;
				CLANG_WARN_CONSTANT_CONVERSION = YES;
				CLANG_WARN_DIRECT_OBJC_ISA_USAGE = YES_ERROR;
				CLANG_WARN_EMPTY_BODY = YES;
				CLANG_WARN_ENUM_CONVERSION = YES;
				CLANG_WARN_INT_CONVERSION = YES;
				CLANG_WARN_OBJC_ROOT_CLASS = YES_ERROR;
				CLANG_WARN_UNREACHABLE_CODE = YES;
				CLANG_WARN__DUPLICATE_METHOD_MATCH = YES;
				"CODE_SIGN_IDENTITY[sdk=iphoneos*]" = "iPhone Developer";
				COPY_PHASE_STRIP = NO;
				DEBUG_INFORMATION_FORMAT = "dwarf-with-dsym";
				ENABLE_NS_ASSERTIONS = NO;
				ENABLE_STRICT_OBJC_MSGSEND = YES;
				GCC_C_LANGUAGE_STANDARD = gnu99;
				GCC_NO_COMMON_BLOCKS = YES;
				GCC_WARN_64_TO_32_BIT_CONVERSION = YES;
				GCC_WARN_ABOUT_RETURN_TYPE = YES_ERROR;
				GCC_WARN_UNDECLARED_SELECTOR = YES;
				GCC_WARN_UNINITIALIZED_AUTOS = YES_AGGRESSIVE;
				GCC_WARN_UNUSED_FUNCTION = YES;
				GCC_WARN_UNUSED_VARIABLE = YES;
				IPHONEOS_DEPLOYMENT_TARGET = 8.3;
				MTL_ENABLE_DEBUG_INFO = NO;
				SDKROOT = iphoneos;
				VALIDATE_PRODUCT = YES;
			};
			name = Release;
		};
		50EB559B1B696B09005D82B1 /* Debug */ = {
			isa = XCBuildConfiguration;
			buildSettings = {
				ASSETCATALOG_COMPILER_APPICON_NAME = AppIcon;
				INFOPLIST_FILE = SearchTableDemo/Info.plist;
				LD_RUNPATH_SEARCH_PATHS = "$(inherited) @executable_path/Frameworks";
				PRODUCT_NAME = "$(TARGET_NAME)";
			};
			name = Debug;
		};
		50EB559C1B696B09005D82B1 /* Release */ = {
			isa = XCBuildConfiguration;
			buildSettings = {
				ASSETCATALOG_COMPILER_APPICON_NAME = AppIcon;
				INFOPLIST_FILE = SearchTableDemo/Info.plist;
				LD_RUNPATH_SEARCH_PATHS = "$(inherited) @executable_path/Frameworks";
				PRODUCT_NAME = "$(TARGET_NAME)";
			};
			name = Release;
		};
		50EB559E1B696B09005D82B1 /* Debug */ = {
			isa = XCBuildConfiguration;
			buildSettings = {
				BUNDLE_LOADER = "$(TEST_HOST)";
				FRAMEWORK_SEARCH_PATHS = (
					"$(SDKROOT)/Developer/Library/Frameworks",
					"$(inherited)",
				);
				GCC_PREPROCESSOR_DEFINITIONS = (
					"DEBUG=1",
					"$(inherited)",
				);
				INFOPLIST_FILE = SearchTableDemoTests/Info.plist;
				LD_RUNPATH_SEARCH_PATHS = "$(inherited) @executable_path/Frameworks @loader_path/Frameworks";
				PRODUCT_NAME = "$(TARGET_NAME)";
				TEST_HOST = "$(BUILT_PRODUCTS_DIR)/SearchTableDemo.app/SearchTableDemo";
			};
			name = Debug;
		};
		50EB559F1B696B09005D82B1 /* Release */ = {
			isa = XCBuildConfiguration;
			buildSettings = {
				BUNDLE_LOADER = "$(TEST_HOST)";
				FRAMEWORK_SEARCH_PATHS = (
					"$(SDKROOT)/Developer/Library/Frameworks",
					"$(inherited)",
				);
				INFOPLIST_FILE = SearchTableDemoTests/Info.plist;
				LD_RUNPATH_SEARCH_PATHS = "$(inherited) @executable_path/Frameworks @loader_path/Frameworks";
				PRODUCT_NAME = "$(TARGET_NAME)";
				TEST_HOST = "$(BUILT_PRODUCTS_DIR)/SearchTableDemo.app/SearchTableDemo";
			};
			name = Release;
		};
/* End XCBuildConfiguration section */

/* Begin XCConfigurationList section */
		50EB55761B696B07005D82B1 /* Build configuration list for PBXProject "SearchTableDemo" */ = {
			isa = XCConfigurationList;
			buildConfigurations = (
				50EB55981B696B09005D82B1 /* Debug */,
				50EB55991B696B09005D82B1 /* Release */,
			);
			defaultConfigurationIsVisible = 0;
			defaultConfigurationName = Release;
		};
		50EB559A1B696B09005D82B1 /* Build configuration list for PBXNativeTarget "SearchTableDemo" */ = {
			isa = XCConfigurationList;
			buildConfigurations = (
				50EB559B1B696B09005D82B1 /* Debug */,
				50EB559C1B696B09005D82B1 /* Release */,
			);
			defaultConfigurationIsVisible = 0;
			defaultConfigurationName = Release;
		};
		50EB559D1B696B09005D82B1 /* Build configuration list for PBXNativeTarget "SearchTableDemoTests" */ = {
			isa = XCConfigurationList;
			buildConfigurations = (
				50EB559E1B696B09005D82B1 /* Debug */,
				50EB559F1B696B09005D82B1 /* Release */,
			);
			defaultConfigurationIsVisible = 0;
			defaultConfigurationName = Release;
		};
/* End XCConfigurationList section */
	};
	rootObject = 50EB55731B696B07005D82B1 /* Project object */;
}
